
Microsoft Visual Studio Solution File, Format Version 12.00
# Visual Studio 15
VisualStudioVersion = 15.0.27703.2035
MinimumVisualStudioVersion = 10.0.40219.1
Project("{8BC9CEB8-8B4A-11D0-8D11-00A0C91BC942}") = "ServerProject", "ServerProject\ServerProject.vcxproj", "{B132D03D-7B11-412B-A107-F4E9D0C0EF0B}"
EndProject
Global
	GlobalSection(SolutionConfigurationPlatforms) = preSolution
		Debug|x64 = Debug|x64
		Debug|x86 = Debug|x86
		Release|x64 = Release|x64
		Release|x86 = Release|x86
	EndGlobalSection
	GlobalSection(ProjectConfigurationPlatforms) = postSolution
		{B132D03D-7B11-412B-A107-F4E9D0C0EF0B}.Debug|x64.ActiveCfg = Debug|x64
		{B132D03D-7B11-412B-A107-F4E9D0C0EF0B}.Debug|x64.Build.0 = Debug|x64
		{B132D03D-7B11-412B-A107-F4E9D0C0EF0B}.Debug|x86.ActiveCfg = Debug|Win32
		{B132D03D-7B11-412B-A107-F4E9D0C0EF0B}.Debug|x86.Build.0 = Debug|Win32
		{B132D03D-7B11-412B-A107-F4E9D0C0EF0B}.Release|x64.ActiveCfg = Release|x64
		{B132D03D-7B11-412B-A107-F4E9D0C0EF0B}.Release|x64.Build.0 = Release|x64
		{B132D03D-7B11-412B-A107-F4E9D0C0EF0B}.Release|x86.ActiveCfg = Release|Win32
		{B132D03D-7B11-412B-A107-F4E9D0C0EF0B}.Release|x86.Build.0 = Release|Win32
	EndGlobalSection
	GlobalSection(SolutionProperties) = preSolution
		HideSolutionNode = FALSE
	EndGlobalSection
	GlobalSection(ExtensibilityGlobals) = postSolution
		SolutionGuid = {65C2393D-C865-4F46-8C1C-294B1592E15E}
	EndGlobalSection
EndGlobal
